
Microsoft Visual Studio Solution File, Format Version 12.00
# Visual Studio Version 16
VisualStudioVersion = 16.0.31424.327
MinimumVisualStudioVersion = 10.0.40219.1
Project("{FAE04EC0-301F-11D3-BF4B-00C04F79EFBC}") = "Entity", "Entity\Entity.csproj", "{02BF4985-39F9-4D27-859C-05182C6BC7EA}"
EndProject
Project("{FAE04EC0-301F-11D3-BF4B-00C04F79EFBC}") = "DataAcess", "DataAcess\DataAcess.csproj", "{D8432373-4A69-46DA-A680-79DC3E0028B6}"
EndProject
Project("{FAE04EC0-301F-11D3-BF4B-00C04F79EFBC}") = "Business", "Business\Business.csproj", "{AC1FD8A0-7A2E-4CA9-B378-A8527B63A271}"
EndProject
Project("{FAE04EC0-301F-11D3-BF4B-00C04F79EFBC}") = "ConsoleAppUI", "ConsoleAppUI\ConsoleAppUI.csproj", "{211AC33D-50C3-455E-BAC4-873DA3046B32}"
EndProject
Project("{FAE04EC0-301F-11D3-BF4B-00C04F79EFBC}") = "Core", "Core\Core.csproj", "{93A229FA-E718-4430-A262-36A7F3AF4B23}"
EndProject
Global
	GlobalSection(SolutionConfigurationPlatforms) = preSolution
		Debug|Any CPU = Debug|Any CPU
		Release|Any CPU = Release|Any CPU
	EndGlobalSection
	GlobalSection(ProjectConfigurationPlatforms) = postSolution
		{02BF4985-39F9-4D27-859C-05182C6BC7EA}.Debug|Any CPU.ActiveCfg = Debug|Any CPU
		{02BF4985-39F9-4D27-859C-05182C6BC7EA}.Debug|Any CPU.Build.0 = Debug|Any CPU
		{02BF4985-39F9-4D27-859C-05182C6BC7EA}.Release|Any CPU.ActiveCfg = Release|Any CPU
		{02BF4985-39F9-4D27-859C-05182C6BC7EA}.Release|Any CPU.Build.0 = Release|Any CPU
		{D8432373-4A69-46DA-A680-79DC3E0028B6}.Debug|Any CPU.ActiveCfg = Debug|Any CPU
		{D8432373-4A69-46DA-A680-79DC3E0028B6}.Debug|Any CPU.Build.0 = Debug|Any CPU
		{D8432373-4A69-46DA-A680-79DC3E0028B6}.Release|Any CPU.ActiveCfg = Release|Any CPU
		{D8432373-4A69-46DA-A680-79DC3E0028B6}.Release|Any CPU.Build.0 = Release|Any CPU
		{AC1FD8A0-7A2E-4CA9-B378-A8527B63A271}.Debug|Any CPU.ActiveCfg = Debug|Any CPU
		{AC1FD8A0-7A2E-4CA9-B378-A8527B63A271}.Debug|Any CPU.Build.0 = Debug|Any CPU
		{AC1FD8A0-7A2E-4CA9-B378-A8527B63A271}.Release|Any CPU.ActiveCfg = Release|Any CPU
		{AC1FD8A0-7A2E-4CA9-B378-A8527B63A271}.Release|Any CPU.Build.0 = Release|Any CPU
		{211AC33D-50C3-455E-BAC4-873DA3046B32}.Debug|Any CPU.ActiveCfg = Debug|Any CPU
		{211AC33D-50C3-455E-BAC4-873DA3046B32}.Debug|Any CPU.Build.0 = Debug|Any CPU
		{211AC33D-50C3-455E-BAC4-873DA3046B32}.Release|Any CPU.ActiveCfg = Release|Any CPU
		{211AC33D-50C3-455E-BAC4-873DA3046B32}.Release|Any CPU.Build.0 = Release|Any CPU
		{93A229FA-E718-4430-A262-36A7F3AF4B23}.Debug|Any CPU.ActiveCfg = Debug|Any CPU
		{93A229FA-E718-4430-A262-36A7F3AF4B23}.Debug|Any CPU.Build.0 = Debug|Any CPU
		{93A229FA-E718-4430-A262-36A7F3AF4B23}.Release|Any CPU.ActiveCfg = Release|Any CPU
		{93A229FA-E718-4430-A262-36A7F3AF4B23}.Release|Any CPU.Build.0 = Release|Any CPU
	EndGlobalSection
	GlobalSection(SolutionProperties) = preSolution
		HideSolutionNode = FALSE
	EndGlobalSection
	GlobalSection(ExtensibilityGlobals) = postSolution
		SolutionGuid = {0C517374-8618-4B5C-ADE1-6BEE68CEEC22}
	EndGlobalSection
EndGlobal
